github.com/j-c-w/SemanticHLLVectors v0.0.0-20201204181253-f9dba1871727 h1:OOpkmJ+bZB8Rb7iTQs5Mn10vPhZF60m68M56A00ESzw=
github.com/j-c-w/SemanticHLLVectors/src v0.0.0-20201204181253-f9dba1871727 h1:pkvJ9qJAPm7+ZA+iX8QVfKw0nXTTEvNTEjOam58++8A=
github.com/j-c-w/SemanticHLLVectors/src/io v0.0.0-20201204181253-f9dba1871727 h1:jlkyF27nmV+w602PgzpklCNpZWXexpVhbtLNZHyWelc=
github.com/j-c-w/SemanticHLLVectors/src/io v0.0.0-20201204181253-f9dba1871727/go.mod h1:bKiEdzD30tjG7Skq8O/jF2fAQZmGoVV2ryDtM06x614=
